
Microsoft Visual Studio Solution File, Format Version 12.00
# Visual Studio 2017
Project("{FAE04EC0-301F-11D3-BF4B-00C04F79EFBC}") = "太阳系", "太阳系.csproj", "{D381D7C6-F3F2-7A48-4486-32BB4B0DD171}"
EndProject
Global
	GlobalSection(SolutionConfigurationPlatforms) = preSolution
		Debug|Any CPU = Debug|Any CPU
		Release|Any CPU = Release|Any CPU
	EndGlobalSection
	GlobalSection(ProjectConfigurationPlatforms) = postSolution
		{D381D7C6-F3F2-7A48-4486-32BB4B0DD171}.Debug|Any CPU.ActiveCfg = Debug|Any CPU
		{D381D7C6-F3F2-7A48-4486-32BB4B0DD171}.Debug|Any CPU.Build.0 = Debug|Any CPU
		{D381D7C6-F3F2-7A48-4486-32BB4B0DD171}.Release|Any CPU.ActiveCfg = Release|Any CPU
		{D381D7C6-F3F2-7A48-4486-32BB4B0DD171}.Release|Any CPU.Build.0 = Release|Any CPU
	EndGlobalSection
	GlobalSection(SolutionProperties) = preSolution
		HideSolutionNode = FALSE
	EndGlobalSection
EndGlobal
